
Microsoft Visual Studio Solution File, Format Version 12.00
# Visual Studio 14
VisualStudioVersion = 14.0.24720.0
MinimumVisualStudioVersion = 10.0.40219.1
Project("{E24C65DC-7377-472B-9ABA-BC803B73C61A}") = "Campus360", ".", "{0EBB4716-0683-4FBD-B7F6-AA7D2527BD84}"
	ProjectSection(WebsiteProperties) = preProject
		TargetFrameworkMoniker = ".NETFramework,Version%3Dv4.0"
		Debug.AspNetCompiler.VirtualPath = "/localhost_62086"
		Debug.AspNetCompiler.PhysicalPath = "..\Campus360\"
		Debug.AspNetCompiler.TargetPath = "PrecompiledWeb\localhost_62086\"
		Debug.AspNetCompiler.Updateable = "true"
		Debug.AspNetCompiler.ForceOverwrite = "true"
		Debug.AspNetCompiler.FixedNames = "false"
		Debug.AspNetCompiler.Debug = "True"
		Release.AspNetCompiler.VirtualPath = "/localhost_62086"
		Release.AspNetCompiler.PhysicalPath = "..\Campus360\"
		Release.AspNetCompiler.TargetPath = "PrecompiledWeb\localhost_62086\"
		Release.AspNetCompiler.Updateable = "true"
		Release.AspNetCompiler.ForceOverwrite = "true"
		Release.AspNetCompiler.FixedNames = "false"
		Release.AspNetCompiler.Debug = "False"
		VWDPort = "62086"
		SlnRelativePath = "..\Campus360\"
	EndProjectSection
EndProject
Global
	GlobalSection(SolutionConfigurationPlatforms) = preSolution
		Debug|Any CPU = Debug|Any CPU
	EndGlobalSection
	GlobalSection(ProjectConfigurationPlatforms) = postSolution
		{0EBB4716-0683-4FBD-B7F6-AA7D2527BD84}.Debug|Any CPU.ActiveCfg = Debug|Any CPU
		{0EBB4716-0683-4FBD-B7F6-AA7D2527BD84}.Debug|Any CPU.Build.0 = Debug|Any CPU
	EndGlobalSection
	GlobalSection(SolutionProperties) = preSolution
		HideSolutionNode = FALSE
	EndGlobalSection
EndGlobal
